bitbucket.org/iharsuvorau/crossref v0.0.0-20190925112407-5cc01c87bd94 h1:AtCr44pA7m9bm4VOin3lNXCbzk9/5oFvn8pqs6q4Zx4=
bitbucket.org/iharsuvorau/crossref v0.0.0-20190925112407-5cc01c87bd94/go.mod h1:TCAmt73Hp29uRIHmbBBqQgZh1gc421AnZnf5z0tN/+E=
bitbucket.org/iharsuvorau/mediawiki v0.0.0-20190910124113-5fdbbfbdae8a h1:BgeuRcHZYtwcUhRobuXLQxCo13caGTitKHe2/+JdTzk=
bitbucket.org/iharsuvorau/mediawiki v0.0.0-20190910124113-5fdbbfbdae8a/go.mod h1:xxH38AOiz8Qh62D2s+zN6KlH3/02h7k6aQXNbwiHzOQ=
github.com/pkg/errors v0.8.1 h1:iURUrRGxPUNPdy5/HRSm+Yj6okJ6UtLINN0Q9M4+h3I=
github.com/pkg/errors v0.8.1/go.mod h1:bwawxfHBFNV+L2hUp1rHADufV3IMtnDRdf1r5NINEl0=
